// !$*UTF8*$!
{
	archiveVersion = 1;
	classes = {
	};
	objectVersion = 48;
	objects = {

/* Begin PBXBuildFile section */
		284010C41FE08DB100A3E214 /* AppDelegate.swift in Sources */ = {isa = PBXBuildFile; fileRef = 284010C31FE08DB100A3E214 /* AppDelegate.swift */; };
		284010C61FE08DB100A3E214 /* ViewController.swift in Sources */ = {isa = PBXBuildFile; fileRef = 284010C51FE08DB100A3E214 /* ViewController.swift */; };
		284010C91FE08DB100A3E214 /* Main.storyboard in Resources */ = {isa = PBXBuildFile; fileRef = 284010C71FE08DB100A3E214 /* Main.storyboard */; };
		284010CC1FE08DB100A3E214 /* FilmLoctions.xcdatamodeld in Sources */ = {isa = PBXBuildFile; fileRef = 284010CA1FE08DB100A3E214 /* FilmLoctions.xcdatamodeld */; };
		284010CE1FE08DB100A3E214 /* Assets.xcassets in Resources */ = {isa = PBXBuildFile; fileRef = 284010CD1FE08DB100A3E214 /* Assets.xcassets */; };
		284010D11FE08DB100A3E214 /* LaunchScreen.storyboard in Resources */ = {isa = PBXBuildFile; fileRef = 284010CF1FE08DB100A3E214 /* LaunchScreen.storyboard */; };
		284010D91FE097D200A3E214 /* ViewModel.swift in Sources */ = {isa = PBXBuildFile; fileRef = 284010D81FE097D200A3E214 /* ViewModel.swift */; };
		284010DB1FE0981300A3E214 /* MovieClient.swift in Sources */ = {isa = PBXBuildFile; fileRef = 284010DA1FE0981300A3E214 /* MovieClient.swift */; };
		284010DD1FE0B47300A3E214 /* MovieCell.swift in Sources */ = {isa = PBXBuildFile; fileRef = 284010DC1FE0B47300A3E214 /* MovieCell.swift */; };
		284010DF1FE1011700A3E214 /* MapViewController.swift in Sources */ = {isa = PBXBuildFile; fileRef = 284010DE1FE1011700A3E214 /* MapViewController.swift */; };
/* End PBXBuildFile section */

/* Begin PBXFileReference section */
		284010C01FE08DB100A3E214 /* FilmLoctions.app */ = {isa = PBXFileReference; explicitFileType = wrapper.application; includeInIndex = 0; path = FilmLoctions.app; sourceTree = BUILT_PRODUCTS_DIR; };
		284010C31FE08DB100A3E214 /* AppDelegate.swift */ = {isa = PBXFileReference; lastKnownFileType = sourcecode.swift; path = AppDelegate.swift; sourceTree = "<group>"; };
		284010C51FE08DB100A3E214 /* ViewController.swift */ = {isa = PBXFileReference; lastKnownFileType = sourcecode.swift; path = ViewController.swift; sourceTree = "<group>"; };
		284010C81FE08DB100A3E214 /* Base */ = {isa = PBXFileReference; lastKnownFileType = file.storyboard; name = Base; path = Base.lproj/Main.storyboard; sourceTree = "<group>"; };
		284010CB1FE08DB100A3E214 /* FilmLoctions.xcdatamodel */ = {isa = PBXFileReference; lastKnownFileType = wrapper.xcdatamodel; path = FilmLoctions.xcdatamodel; sourceTree = "<group>"; };
		284010CD1FE08DB100A3E214 /* Assets.xcassets */ = {isa = PBXFileReference; lastKnownFileType = folder.assetcatalog; path = Assets.xcassets; sourceTree = "<group>"; };
		284010D01FE08DB100A3E214 /* Base */ = {isa = PBXFileReference; lastKnownFileType = file.storyboard; name = Base; path = Base.lproj/LaunchScreen.storyboard; sourceTree = "<group>"; };
		284010D21FE08DB100A3E214 /* Info.plist */ = {isa = PBXFileReference; lastKnownFileType = text.plist.xml; path = Info.plist; sourceTree = "<group>"; };
		284010D81FE097D200A3E214 /* ViewModel.swift */ = {isa = PBXFileReference; lastKnownFileType = sourcecode.swift; path = ViewModel.swift; sourceTree = "<group>"; };
		284010DA1FE0981300A3E214 /* MovieClient.swift */ = {isa = PBXFileReference; lastKnownFileType = sourcecode.swift; path = MovieClient.swift; sourceTree = "<group>"; };
		284010DC1FE0B47300A3E214 /* MovieCell.swift */ = {isa = PBXFileReference; lastKnownFileType = sourcecode.swift; path = MovieCell.swift; sourceTree = "<group>"; };
		284010DE1FE1011700A3E214 /* MapViewController.swift */ = {isa = PBXFileReference; lastKnownFileType = sourcecode.swift; path = MapViewController.swift; sourceTree = "<group>"; };
/* End PBXFileReference section */

/* Begin PBXFrameworksBuildPhase section */
		284010BD1FE08DB100A3E214 /* Frameworks */ = {
			isa = PBXFrameworksBuildPhase;
			buildActionMask = 2147483647;
			files = (
			);
			runOnlyForDeploymentPostprocessing = 0;
		};
/* End PBXFrameworksBuildPhase section */

/* Begin PBXGroup section */
		284010B71FE08DB100A3E214 = {
			isa = PBXGroup;
			children = (
				284010C21FE08DB100A3E214 /* FilmLoctions */,
				284010C11FE08DB100A3E214 /* Products */,
			);
			sourceTree = "<group>";
		};
		284010C11FE08DB100A3E214 /* Products */ = {
			isa = PBXGroup;
			children = (
				284010C01FE08DB100A3E214 /* FilmLoctions.app */,
			);
			name = Products;
			sourceTree = "<group>";
		};
		284010C21FE08DB100A3E214 /* FilmLoctions */ = {
			isa = PBXGroup;
			children = (
				284010C31FE08DB100A3E214 /* AppDelegate.swift */,
				284010C51FE08DB100A3E214 /* ViewController.swift */,
				284010E01FE1C8C700A3E214 /* Assets */,
				284010D81FE097D200A3E214 /* ViewModel.swift */,
				284010DA1FE0981300A3E214 /* MovieClient.swift */,
				284010DC1FE0B47300A3E214 /* MovieCell.swift */,
				284010DE1FE1011700A3E214 /* MapViewController.swift */,
				284010D21FE08DB100A3E214 /* Info.plist */,
			);
			path = FilmLoctions;
			sourceTree = "<group>";
		};
		284010E01FE1C8C700A3E214 /* Assets */ = {
			isa = PBXGroup;
			children = (
				284010C71FE08DB100A3E214 /* Main.storyboard */,
				284010CD1FE08DB100A3E214 /* Assets.xcassets */,
				284010CF1FE08DB100A3E214 /* LaunchScreen.storyboard */,
				284010CA1FE08DB100A3E214 /* FilmLoctions.xcdatamodeld */,
			);
			path = Assets;
			sourceTree = "<group>";
		};
/* End PBXGroup section */

/* Begin PBXNativeTarget section */
		284010BF1FE08DB100A3E214 /* FilmLoctions */ = {
			isa = PBXNativeTarget;
			buildConfigurationList = 284010D51FE08DB100A3E214 /* Build configuration list for PBXNativeTarget "FilmLoctions" */;
			buildPhases = (
				284010BC1FE08DB100A3E214 /* Sources */,
				284010BD1FE08DB100A3E214 /* Frameworks */,
				284010BE1FE08DB100A3E214 /* Resources */,
			);
			buildRules = (
			);
			dependencies = (
			);
			name = FilmLoctions;
			productName = FilmLoctions;
			productReference = 284010C01FE08DB100A3E214 /* FilmLoctions.app */;
			productType = "com.apple.product-type.application";
		};
/* End PBXNativeTarget section */

/* Begin PBXProject section */
		284010B81FE08DB100A3E214 /* Project object */ = {
			isa = PBXProject;
			attributes = {
				LastSwiftUpdateCheck = 0920;
				LastUpgradeCheck = 0920;
				ORGANIZATIONNAME = "Li Zezhong";
				TargetAttributes = {
					284010BF1FE08DB100A3E214 = {
						CreatedOnToolsVersion = 9.2;
						ProvisioningStyle = Automatic;
					};
				};
			};
			buildConfigurationList = 284010BB1FE08DB100A3E214 /* Build configuration list for PBXProject "FilmLoctions" */;
			compatibilityVersion = "Xcode 8.0";
			developmentRegion = en;
			hasScannedForEncodings = 0;
			knownRegions = (
				en,
				Base,
			);
			mainGroup = 284010B71FE08DB100A3E214;
			productRefGroup = 284010C11FE08DB100A3E214 /* Products */;
			projectDirPath = "";
			projectRoot = "";
			targets = (
				284010BF1FE08DB100A3E214 /* FilmLoctions */,
			);
		};
/* End PBXProject section */

/* Begin PBXResourcesBuildPhase section */
		284010BE1FE08DB100A3E214 /* Resources */ = {
			isa = PBXResourcesBuildPhase;
			buildActionMask = 2147483647;
			files = (
				284010D11FE08DB100A3E214 /* LaunchScreen.storyboard in Resources */,
				284010CE1FE08DB100A3E214 /* Assets.xcassets in Resources */,
				284010C91FE08DB100A3E214 /* Main.storyboard in Resources */,
			);
			runOnlyForDeploymentPostprocessing = 0;
		};
/* End PBXResourcesBuildPhase section */

/* Begin PBXSourcesBuildPhase section */
		284010BC1FE08DB100A3E214 /* Sources */ = {
			isa = PBXSourcesBuildPhase;
			buildActionMask = 2147483647;
			files = (
				284010CC1FE08DB100A3E214 /* FilmLoctions.xcdatamodeld in Sources */,
				284010C61FE08DB100A3E214 /* ViewController.swift in Sources */,
				284010DD1FE0B47300A3E214 /* MovieCell.swift in Sources */,
				284010DB1FE0981300A3E214 /* MovieClient.swift in Sources */,
				284010D91FE097D200A3E214 /* ViewModel.swift in Sources */,
				284010C41FE08DB100A3E214 /* AppDelegate.swift in Sources */,
				284010DF1FE1011700A3E214 /* MapViewController.swift in Sources */,
			);
			runOnlyForDeploymentPostprocessing = 0;
		};
/* End PBXSourcesBuildPhase section */

/* Begin PBXVariantGroup section */
		284010C71FE08DB100A3E214 /* Main.storyboard */ = {
			isa = PBXVariantGroup;
			children = (
				284010C81FE08DB100A3E214 /* Base */,
			);
			name = Main.storyboard;
			sourceTree = "<group>";
		};
		284010CF1FE08DB100A3E214 /* LaunchScreen.storyboard */ = {
			isa = PBXVariantGroup;
			children = (
				284010D01FE08DB100A3E214 /* Base */,
			);
			name = LaunchScreen.storyboard;
			sourceTree = "<group>";
		};
/* End PBXVariantGroup section */

/* Begin XCBuildConfiguration section */
		284010D31FE08DB100A3E214 /* Debug */ = {
			isa = XCBuildConfiguration;
			buildSettings = {
				ALWAYS_SEARCH_USER_PATHS = NO;
				CLANG_ANALYZER_NONNULL = YES;
				CLANG_ANALYZER_NUMBER_OBJECT_CONVERSION = YES_AGGRESSIVE;
				CLANG_CXX_LANGUAGE_STANDARD = "gnu++14";
				CLANG_CXX_LIBRARY = "libc++";
				CLANG_ENABLE_MODULES = YES;
				CLANG_ENABLE_OBJC_ARC = YES;
				CLANG_WARN_BLOCK_CAPTURE_AUTORELEASING = YES;
				CLANG_WARN_BOOL_CONVERSION = YES;
				CLANG_WARN_COMMA = YES;
				CLANG_WARN_CONSTANT_CONVERSION = YES;
				CLANG_WARN_DIRECT_OBJC_ISA_USAGE = YES_ERROR;
				CLANG_WARN_DOCUMENTATION_COMMENTS = YES;
				CLANG_WARN_EMPTY_BODY = YES;
				CLANG_WARN_ENUM_CONVERSION = YES;
				CLANG_WARN_INFINITE_RECURSION = YES;
				CLANG_WARN_INT_CONVERSION = YES;
				CLANG_WARN_NON_LITERAL_NULL_CONVERSION = YES;
				CLANG_WARN_OBJC_LITERAL_CONVERSION = YES;
				CLANG_WARN_OBJC_ROOT_CLASS = YES_ERROR;
				CLANG_WARN_RANGE_LOOP_ANALYSIS = YES;
				CLANG_WARN_STRICT_PROTOTYPES = YES;
				CLANG_WARN_SUSPICIOUS_MOVE = YES;
				CLANG_WARN_UNGUARDED_AVAILABILITY = YES_AGGRESSIVE;
				CLANG_WARN_UNREACHABLE_CODE = YES;
				CLANG_WARN__DUPLICATE_METHOD_MATCH = YES;
				CODE_SIGN_IDENTITY = "iPhone Developer";
				COPY_PHASE_STRIP = NO;
				DEBUG_INFORMATION_FORMAT = dwarf;
				ENABLE_STRICT_OBJC_MSGSEND = YES;
				ENABLE_TESTABILITY = YES;
				GCC_C_LANGUAGE_STANDARD = gnu11;
				GCC_DYNAMIC_NO_PIC = NO;
				GCC_NO_COMMON_BLOCKS = YES;
				GCC_OPTIMIZATION_LEVEL = 0;
				GCC_PREPROCESSOR_DEFINITIONS = (
					"DEBUG=1",
					"$(inherited)",
				);
				GCC_WARN_64_TO_32_BIT_CONVERSION = YES;
				GCC_WARN_ABOUT_RETURN_TYPE = YES_ERROR;
				GCC_WARN_UNDECLARED_SELECTOR = YES;
				GCC_WARN_UNINITIALIZED_AUTOS = YES_AGGRESSIVE;
				GCC_WARN_UNUSED_FUNCTION = YES;
				GCC_WARN_UNUSED_VARIABLE = YES;
				IPHONEOS_DEPLOYMENT_TARGET = 11.2;
				MTL_ENABLE_DEBUG_INFO = YES;
				ONLY_ACTIVE_ARCH = YES;
				SDKROOT = iphoneos;
				SWIFT_ACTIVE_COMPILATION_CONDITIONS = DEBUG;
				SWIFT_OPTIMIZATION_LEVEL = "-Onone";
			};
			name = Debug;
		};
		284010D41FE08DB100A3E214 /* Release */ = {
			isa = XCBuildConfiguration;
			buildSettings = {
				ALWAYS_SEARCH_USER_PATHS = NO;
				CLANG_ANALYZER_NONNULL = YES;
				CLANG_ANALYZER_NUMBER_OBJECT_CONVERSION = YES_AGGRESSIVE;
				CLANG_CXX_LANGUAGE_STANDARD = "gnu++14";
				CLANG_CXX_LIBRARY = "libc++";
				CLANG_ENABLE_MODULES = YES;
				CLANG_ENABLE_OBJC_ARC = YES;
				CLANG_WARN_BLOCK_CAPTURE_AUTORELEASING = YES;
				CLANG_WARN_BOOL_CONVERSION = YES;
				CLANG_WARN_COMMA = YES;
				CLANG_WARN_CONSTANT_CONVERSION = YES;
				CLANG_WARN_DIRECT_OBJC_ISA_USAGE = YES_ERROR;
				CLANG_WARN_DOCUMENTATION_COMMENTS = YES;
				CLANG_WARN_EMPTY_BODY = YES;
				CLANG_WARN_ENUM_CONVERSION = YES;
				CLANG_WARN_INFINITE_RECURSION = YES;
				CLANG_WARN_INT_CONVERSION = YES;
				CLANG_WARN_NON_LITERAL_NULL_CONVERSION = YES;
				CLANG_WARN_OBJC_LITERAL_CONVERSION = YES;
				CLANG_WARN_OBJC_ROOT_CLASS = YES_ERROR;
				CLANG_WARN_RANGE_LOOP_ANALYSIS = YES;
				CLANG_WARN_STRICT_PROTOTYPES = YES;
				CLANG_WARN_SUSPICIOUS_MOVE = YES;
				CLANG_WARN_UNGUARDED_AVAILABILITY = YES_AGGRESSIVE;
				CLANG_WARN_UNREACHABLE_CODE = YES;
				CLANG_WARN__DUPLICATE_METHOD_MATCH = YES;
				CODE_SIGN_IDENTITY = "iPhone Developer";
				COPY_PHASE_STRIP = NO;
				DEBUG_INFORMATION_FORMAT = "dwarf-with-dsym";
				ENABLE_NS_ASSERTIONS = NO;
				ENABLE_STRICT_OBJC_MSGSEND = YES;
				GCC_C_LANGUAGE_STANDARD = gnu11;
				GCC_NO_COMMON_BLOCKS = YES;
				GCC_WARN_64_TO_32_BIT_CONVERSION = YES;
				GCC_WARN_ABOUT_RETURN_TYPE = YES_ERROR;
				GCC_WARN_UNDECLARED_SELECTOR = YES;
				GCC_WARN_UNINITIALIZED_AUTOS = YES_AGGRESSIVE;
				GCC_WARN_UNUSED_FUNCTION = YES;
				GCC_WARN_UNUSED_VARIABLE = YES;
				IPHONEOS_DEPLOYMENT_TARGET = 11.2;
				MTL_ENABLE_DEBUG_INFO = NO;
				SDKROOT = iphoneos;
				SWIFT_OPTIMIZATION_LEVEL = "-Owholemodule";
				VALIDATE_PRODUCT = YES;
			};
			name = Release;
		};
		284010D61FE08DB100A3E214 /* Debug */ = {
			isa = XCBuildConfiguration;
			buildSettings = {
				ASSETCATALOG_COMPILER_APPICON_NAME = AppIcon;
				CODE_SIGN_STYLE = Automatic;
				DEVELOPMENT_TEAM = VWR92R3N9H;
				INFOPLIST_FILE = FilmLoctions/Info.plist;
				IPHONEOS_DEPLOYMENT_TARGET = 10.0;
				LD_RUNPATH_SEARCH_PATHS = "$(inherited) @executable_path/Frameworks";
				PRODUCT_BUNDLE_IDENTIFIER = com.neilsstudio.FilmLoctions;
				PRODUCT_NAME = "$(TARGET_NAME)";
				SWIFT_VERSION = 4.0;
				TARGETED_DEVICE_FAMILY = "1,2";
			};
			name = Debug;
		};
		284010D71FE08DB100A3E214 /* Release */ = {
			isa = XCBuildConfiguration;
			buildSettings = {
				ASSETCATALOG_COMPILER_APPICON_NAME = AppIcon;
				CODE_SIGN_STYLE = Automatic;
				DEVELOPMENT_TEAM = VWR92R3N9H;
				INFOPLIST_FILE = FilmLoctions/Info.plist;
				IPHONEOS_DEPLOYMENT_TARGET = 10.0;
				LD_RUNPATH_SEARCH_PATHS = "$(inherited) @executable_path/Frameworks";
				PRODUCT_BUNDLE_IDENTIFIER = com.neilsstudio.FilmLoctions;
				PRODUCT_NAME = "$(TARGET_NAME)";
				SWIFT_VERSION = 4.0;
				TARGETED_DEVICE_FAMILY = "1,2";
			};
			name = Release;
		};
/* End XCBuildConfiguration section */

/* Begin XCConfigurationList section */
		284010BB1FE08DB100A3E214 /* Build configuration list for PBXProject "FilmLoctions" */ = {
			isa = XCConfigurationList;
			buildConfigurations = (
				284010D31FE08DB100A3E214 /* Debug */,
				284010D41FE08DB100A3E214 /* Release */,
			);
			defaultConfigurationIsVisible = 0;
			defaultConfigurationName = Release;
		};
		284010D51FE08DB100A3E214 /* Build configuration list for PBXNativeTarget "FilmLoctions" */ = {
			isa = XCConfigurationList;
			buildConfigurations = (
				284010D61FE08DB100A3E214 /* Debug */,
				284010D71FE08DB100A3E214 /* Release */,
			);
			defaultConfigurationIsVisible = 0;
			defaultConfigurationName = Release;
		};
/* End XCConfigurationList section */

/* Begin XCVersionGroup section */
		284010CA1FE08DB100A3E214 /* FilmLoctions.xcdatamodeld */ = {
			isa = XCVersionGroup;
			children = (
				284010CB1FE08DB100A3E214 /* FilmLoctions.xcdatamodel */,
			);
			currentVersion = 284010CB1FE08DB100A3E214 /* FilmLoctions.xcdatamodel */;
			path = FilmLoctions.xcdatamodeld;
			sourceTree = "<group>";
			versionGroupType = wrapper.xcdatamodel;
		};
/* End XCVersionGroup section */
	};
	rootObject = 284010B81FE08DB100A3E214 /* Project object */;
}
